// !$*UTF8*$!
{
	archiveVersion = 1;
	classes = {
	};
	objectVersion = 77;
	objects = {

/* Begin PBXContainerItemProxy section */
		06F5FCC52EE0F5D100EED464 /* PBXContainerItemProxy */ = {
			isa = PBXContainerItemProxy;
			containerPortal = 06F5FCAF2EE0F5D000EED464 /* Project object */;
			proxyType = 1;
			remoteGlobalIDString = 06F5FCB62EE0F5D000EED464;
			remoteInfo = CrewFlow;
		};
		06F5FCCF2EE0F5D100EED464 /* PBXContainerItemProxy */ = {
			isa = PBXContainerItemProxy;
			containerPortal = 06F5FCAF2EE0F5D000EED464 /* Project object */;
			proxyType = 1;
			remoteGlobalIDString = 06F5FCB62EE0F5D000EED464;
			remoteInfo = CrewFlow;
		};
/* End PBXContainerItemProxy section */

/* Begin PBXFileReference section */
		06F5FCB72EE0F5D000EED464 /* CrewFlow.app */ = {isa = PBXFileReference; explicitFileType = wrapper.application; includeInIndex = 0; path = CrewFlow.app; sourceTree = BUILT_PRODUCTS_DIR; };
		06F5FCC42EE0F5D100EED464 /* CrewFlowTests.xctest */ = {isa = PBXFileReference; explicitFileType = wrapper.cfbundle; includeInIndex = 0; path = CrewFlowTests.xctest; sourceTree = BUILT_PRODUCTS_DIR; };
		06F5FCCE2EE0F5D100EED464 /* CrewFlowUITests.xctest */ = {isa = PBXFileReference; explicitFileType = wrapper.cfbundle; includeInIndex = 0; path = CrewFlowUITests.xctest; sourceTree = BUILT_PRODUCTS_DIR; };
/* End PBXFileReference section */

/* Begin PBXFileSystemSynchronizedRootGroup section */
		06F5FCB92EE0F5D000EED464 /* CrewFlow */ = {
			isa = PBXFileSystemSynchronizedRootGroup;
			path = CrewFlow;
			sourceTree = "<group>";
		};
		06F5FCC72EE0F5D100EED464 /* CrewFlowTests */ = {
			isa = PBXFileSystemSynchronizedRootGroup;
			path = CrewFlowTests;
			sourceTree = "<group>";
		};
		06F5FCD12EE0F5D100EED464 /* CrewFlowUITests */ = {
			isa = PBXFileSystemSynchronizedRootGroup;
			path = CrewFlowUITests;
			sourceTree = "<group>";
		};
/* End PBXFileSystemSynchronizedRootGroup section */

/* Begin PBXFrameworksBuildPhase section */
		06F5FCB42EE0F5D000EED464 /* Frameworks */ = {
			isa = PBXFrameworksBuildPhase;
			buildActionMask = 2147483647;
			files = (
			);
			runOnlyForDeploymentPostprocessing = 0;
		};
		06F5FCC12EE0F5D100EED464 /* Frameworks */ = {
			isa = PBXFrameworksBuildPhase;
			buildActionMask = 2147483647;
			files = (
			);
			runOnlyForDeploymentPostprocessing = 0;
		};
		06F5FCCB2EE0F5D100EED464 /* Frameworks */ = {
			isa = PBXFrameworksBuildPhase;
			buildActionMask = 2147483647;
			files = (
			);
			runOnlyForDeploymentPostprocessing = 0;
		};
/* End PBXFrameworksBuildPhase section */

/* Begin PBXGroup section */
		06F5FCAE2EE0F5D000EED464 = {
			isa = PBXGroup;
			children = (
				06F5FCB92EE0F5D000EED464 /* CrewFlow */,
				06F5FCC72EE0F5D100EED464 /* CrewFlowTests */,
				06F5FCD12EE0F5D100EED464 /* CrewFlowUITests */,
				06F5FCB82EE0F5D000EED464 /* Products */,
			);
			sourceTree = "<group>";
		};
		06F5FCB82EE0F5D000EED464 /* Products */ = {
			isa = PBXGroup;
			children = (
				06F5FCB72EE0F5D000EED464 /* CrewFlow.app */,
				06F5FCC42EE0F5D100EED464 /* CrewFlowTests.xctest */,
				06F5FCCE2EE0F5D100EED464 /* CrewFlowUITests.xctest */,
			);
			name = Products;
			sourceTree = "<group>";
		};
/* End PBXGroup section */

/* Begin PBXNativeTarget section */
		06F5FCB62EE0F5D000EED464 /* CrewFlow */ = {
			isa = PBXNativeTarget;
			buildConfigurationList = 06F5FCD82EE0F5D100EED464 /* Build configuration list for PBXNativeTarget "CrewFlow" */;
			buildPhases = (
				06F5FCB32EE0F5D000EED464 /* Sources */,
				06F5FCB42EE0F5D000EED464 /* Frameworks */,
				06F5FCB52EE0F5D000EED464 /* Resources */,
			);
			buildRules = (
			);
			dependencies = (
			);
			fileSystemSynchronizedGroups = (
				06F5FCB92EE0F5D000EED464 /* CrewFlow */,
			);
			name = CrewFlow;
			packageProductDependencies = (
			);
			productName = CrewFlow;
			productReference = 06F5FCB72EE0F5D000EED464 /* CrewFlow.app */;
			productType = "com.apple.product-type.application";
		};
		06F5FCC32EE0F5D100EED464 /* CrewFlowTests */ = {
			isa = PBXNativeTarget;
			buildConfigurationList = 06F5FCDB2EE0F5D100EED464 /* Build configuration list for PBXNativeTarget "CrewFlowTests" */;
			buildPhases = (
				06F5FCC02EE0F5D100EED464 /* Sources */,
				06F5FCC12EE0F5D100EED464 /* Frameworks */,
				06F5FCC22EE0F5D100EED464 /* Resources */,
			);
			buildRules = (
			);
			dependencies = (
				06F5FCC62EE0F5D100EED464 /* PBXTargetDependency */,
			);
			fileSystemSynchronizedGroups = (
				06F5FCC72EE0F5D100EED464 /* CrewFlowTests */,
			);
			name = CrewFlowTests;
			packageProductDependencies = (
			);
			productName = CrewFlowTests;
			productReference = 06F5FCC42EE0F5D100EED464 /* CrewFlowTests.xctest */;
			productType = "com.apple.product-type.bundle.unit-test";
		};
		06F5FCCD2EE0F5D100EED464 /* CrewFlowUITests */ = {
			isa = PBXNativeTarget;
			buildConfigurationList = 06F5FCDE2EE0F5D100EED464 /* Build configuration list for PBXNativeTarget "CrewFlowUITests" */;
			buildPhases = (
				06F5FCCA2EE0F5D100EED464 /* Sources */,
				06F5FCCB2EE0F5D100EED464 /* Frameworks */,
				06F5FCCC2EE0F5D100EED464 /* Resources */,
			);
			buildRules = (
			);
			dependencies = (
				06F5FCD02EE0F5D100EED464 /* PBXTargetDependency */,
			);
			fileSystemSynchronizedGroups = (
				06F5FCD12EE0F5D100EED464 /* CrewFlowUITests */,
			);
			name = CrewFlowUITests;
			packageProductDependencies = (
			);
			productName = CrewFlowUITests;
			productReference = 06F5FCCE2EE0F5D100EED464 /* CrewFlowUITests.xctest */;
			productType = "com.apple.product-type.bundle.ui-testing";
		};
/* End PBXNativeTarget section */

/* Begin PBXProject section */
		06F5FCAF2EE0F5D000EED464 /* Project object */ = {
			isa = PBXProject;
			attributes = {
				BuildIndependentTargetsInParallel = 1;
				LastSwiftUpdateCheck = 2610;
				LastUpgradeCheck = 2610;
				TargetAttributes = {
					06F5FCB62EE0F5D000EED464 = {
						CreatedOnToolsVersion = 26.1.1;
					};
					06F5FCC32EE0F5D100EED464 = {
						CreatedOnToolsVersion = 26.1.1;
						TestTargetID = 06F5FCB62EE0F5D000EED464;
					};
					06F5FCCD2EE0F5D100EED464 = {
						CreatedOnToolsVersion = 26.1.1;
						TestTargetID = 06F5FCB62EE0F5D000EED464;
					};
				};
			};
			buildConfigurationList = 06F5FCB22EE0F5D000EED464 /* Build configuration list for PBXProject "CrewFlow" */;
			developmentRegion = en;
			hasScannedForEncodings = 0;
			knownRegions = (
				en,
				Base,
			);
			mainGroup = 06F5FCAE2EE0F5D000EED464;
			minimizedProjectReferenceProxies = 1;
			preferredProjectObjectVersion = 77;
			productRefGroup = 06F5FCB82EE0F5D000EED464 /* Products */;
			projectDirPath = "";
			projectRoot = "";
			targets = (
				06F5FCB62EE0F5D000EED464 /* CrewFlow */,
				06F5FCC32EE0F5D100EED464 /* CrewFlowTests */,
				06F5FCCD2EE0F5D100EED464 /* CrewFlowUITests */,
			);
		};
/* End PBXProject section */

/* Begin PBXResourcesBuildPhase section */
		06F5FCB52EE0F5D000EED464 /* Resources */ = {
			isa = PBXResourcesBuildPhase;
			buildActionMask = 2147483647;
			files = (
			);
			runOnlyForDeploymentPostprocessing = 0;
		};
		06F5FCC22EE0F5D100EED464 /* Resources */ = {
			isa = PBXResourcesBuildPhase;
			buildActionMask = 2147483647;
			files = (
			);
			runOnlyForDeploymentPostprocessing = 0;
		};
		06F5FCCC2EE0F5D100EED464 /* Resources */ = {
			isa = PBXResourcesBuildPhase;
			buildActionMask = 2147483647;
			files = (
			);
			runOnlyForDeploymentPostprocessing = 0;
		};
/* End PBXResourcesBuildPhase section */

/* Begin PBXSourcesBuildPhase section */
		06F5FCB32EE0F5D000EED464 /* Sources */ = {
			isa = PBXSourcesBuildPhase;
			buildActionMask = 2147483647;
			files = (
			);
			runOnlyForDeploymentPostprocessing = 0;
		};
		06F5FCC02EE0F5D100EED464 /* Sources */ = {
			isa = PBXSourcesBuildPhase;
			buildActionMask = 2147483647;
			files = (
			);
			runOnlyForDeploymentPostprocessing = 0;
		};
		06F5FCCA2EE0F5D100EED464 /* Sources */ = {
			isa = PBXSourcesBuildPhase;
			buildActionMask = 2147483647;
			files = (
			);
			runOnlyForDeploymentPostprocessing = 0;
		};
/* End PBXSourcesBuildPhase section */

/* Begin PBXTargetDependency section */
		06F5FCC62EE0F5D100EED464 /* PBXTargetDependency */ = {
			isa = PBXTargetDependency;
			target = 06F5FCB62EE0F5D000EED464 /* CrewFlow */;
			targetProxy = 06F5FCC52EE0F5D100EED464 /* PBXContainerItemProxy */;
		};
		06F5FCD02EE0F5D100EED464 /* PBXTargetDependency */ = {
			isa = PBXTargetDependency;
			target = 06F5FCB62EE0F5D000EED464 /* CrewFlow */;
			targetProxy = 06F5FCCF2EE0F5D100EED464 /* PBXContainerItemProxy */;
		};
/* End PBXTargetDependency section */

/* Begin XCBuildConfiguration section */
		06F5FCD62EE0F5D100EED464 /* Debug */ = {
			isa = XCBuildConfiguration;
			buildSettings = {
				ALWAYS_SEARCH_USER_PATHS = NO;
				ASSETCATALOG_COMPILER_GENERATE_SWIFT_ASSET_SYMBOL_EXTENSIONS = YES;
				CLANG_ANALYZER_NONNULL = YES;
				CLANG_ANALYZER_NUMBER_OBJECT_CONVERSION = YES_AGGRESSIVE;
				CLANG_CXX_LANGUAGE_STANDARD = "gnu++20";
				CLANG_ENABLE_MODULES = YES;
				CLANG_ENABLE_OBJC_ARC = YES;
				CLANG_ENABLE_OBJC_WEAK = YES;
				CLANG_WARN_BLOCK_CAPTURE_AUTORELEASING = YES;
				CLANG_WARN_BOOL_CONVERSION = YES;
				CLANG_WARN_COMMA = YES;
				CLANG_WARN_CONSTANT_CONVERSION = YES;
				CLANG_WARN_DEPRECATED_OBJC_IMPLEMENTATIONS = YES;
				CLANG_WARN_DIRECT_OBJC_ISA_USAGE = YES_ERROR;
				CLANG_WARN_DOCUMENTATION_COMMENTS = YES;
				CLANG_WARN_EMPTY_BODY = YES;
				CLANG_WARN_ENUM_CONVERSION = YES;
				CLANG_WARN_INFINITE_RECURSION = YES;
				CLANG_WARN_INT_CONVERSION = YES;
				CLANG_WARN_NON_LITERAL_NULL_CONVERSION = YES;
				CLANG_WARN_OBJC_IMPLICIT_RETAIN_SELF = YES;
				CLANG_WARN_OBJC_LITERAL_CONVERSION = YES;
				CLANG_WARN_OBJC_ROOT_CLASS = YES_ERROR;
				CLANG_WARN_QUOTED_INCLUDE_IN_FRAMEWORK_HEADER = YES;
				CLANG_WARN_RANGE_LOOP_ANALYSIS = YES;
				CLANG_WARN_STRICT_PROTOTYPES = YES;
				CLANG_WARN_SUSPICIOUS_MOVE = YES;
				CLANG_WARN_UNGUARDED_AVAILABILITY = YES_AGGRESSIVE;
				CLANG_WARN_UNREACHABLE_CODE = YES;
				CLANG_WARN__DUPLICATE_METHOD_MATCH = YES;
				COPY_PHASE_STRIP = NO;
				DEBUG_INFORMATION_FORMAT = dwarf;
				ENABLE_STRICT_OBJC_MSGSEND = YES;
				ENABLE_TESTABILITY = YES;
				ENABLE_USER_SCRIPT_SANDBOXING = YES;
				GCC_C_LANGUAGE_STANDARD = gnu17;
				GCC_DYNAMIC_NO_PIC = NO;
				GCC_NO_COMMON_BLOCKS = YES;
				GCC_OPTIMIZATION_LEVEL = 0;
				GCC_PREPROCESSOR_DEFINITIONS = (
					"DEBUG=1",
					"$(inherited)",
				);
				GCC_WARN_64_TO_32_BIT_CONVERSION = YES;
				GCC_WARN_ABOUT_RETURN_TYPE = YES_ERROR;
				GCC_WARN_UNDECLARED_SELECTOR = YES;
				GCC_WARN_UNINITIALIZED_AUTOS = YES_AGGRESSIVE;
				GCC_WARN_UNUSED_FUNCTION = YES;
				GCC_WARN_UNUSED_VARIABLE = YES;
				IPHONEOS_DEPLOYMENT_TARGET = 26.1;
				LOCALIZATION_PREFERS_STRING_CATALOGS = YES;
				MTL_ENABLE_DEBUG_INFO = INCLUDE_SOURCE;
				MTL_FAST_MATH = YES;
				ONLY_ACTIVE_ARCH = YES;
				SDKROOT = iphoneos;
				SWIFT_ACTIVE_COMPILATION_CONDITIONS = "DEBUG $(inherited)";
				SWIFT_OPTIMIZATION_LEVEL = "-Onone";
			};
			name = Debug;
		};
		06F5FCD72EE0F5D100EED464 /* Release */ = {
			isa = XCBuildConfiguration;
			buildSettings = {
				ALWAYS_SEARCH_USER_PATHS = NO;
				ASSETCATALOG_COMPILER_GENERATE_SWIFT_ASSET_SYMBOL_EXTENSIONS = YES;
				CLANG_ANALYZER_NONNULL = YES;
				CLANG_ANALYZER_NUMBER_OBJECT_CONVERSION = YES_AGGRESSIVE;
				CLANG_CXX_LANGUAGE_STANDARD = "gnu++20";
				CLANG_ENABLE_MODULES = YES;
				CLANG_ENABLE_OBJC_ARC = YES;
				CLANG_ENABLE_OBJC_WEAK = YES;
				CLANG_WARN_BLOCK_CAPTURE_AUTORELEASING = YES;
				CLANG_WARN_BOOL_CONVERSION = YES;
				CLANG_WARN_COMMA = YES;
				CLANG_WARN_CONSTANT_CONVERSION = YES;
				CLANG_WARN_DEPRECATED_OBJC_IMPLEMENTATIONS = YES;
				CLANG_WARN_DIRECT_OBJC_ISA_USAGE = YES_ERROR;
				CLANG_WARN_DOCUMENTATION_COMMENTS = YES;
				CLANG_WARN_EMPTY_BODY = YES;
				CLANG_WARN_ENUM_CONVERSION = YES;
				CLANG_WARN_INFINITE_RECURSION = YES;
				CLANG_WARN_INT_CONVERSION = YES;
				CLANG_WARN_NON_LITERAL_NULL_CONVERSION = YES;
				CLANG_WARN_OBJC_IMPLICIT_RETAIN_SELF = YES;
				CLANG_WARN_OBJC_LITERAL_CONVERSION = YES;
				CLANG_WARN_OBJC_ROOT_CLASS = YES_ERROR;
				CLANG_WARN_QUOTED_INCLUDE_IN_FRAMEWORK_HEADER = YES;
				CLANG_WARN_RANGE_LOOP_ANALYSIS = YES;
				CLANG_WARN_STRICT_PROTOTYPES = YES;
				CLANG_WARN_SUSPICIOUS_MOVE = YES;
				CLANG_WARN_UNGUARDED_AVAILABILITY = YES_AGGRESSIVE;
				CLANG_WARN_UNREACHABLE_CODE = YES;
				CLANG_WARN__DUPLICATE_METHOD_MATCH = YES;
				COPY_PHASE_STRIP = NO;
				DEBUG_INFORMATION_FORMAT = "dwarf-with-dsym";
				ENABLE_NS_ASSERTIONS = NO;
				ENABLE_STRICT_OBJC_MSGSEND = YES;
				ENABLE_USER_SCRIPT_SANDBOXING = YES;
				GCC_C_LANGUAGE_STANDARD = gnu17;
				GCC_NO_COMMON_BLOCKS = YES;
				GCC_WARN_64_TO_32_BIT_CONVERSION = YES;
				GCC_WARN_ABOUT_RETURN_TYPE = YES_ERROR;
				GCC_WARN_UNDECLARED_SELECTOR = YES;
				GCC_WARN_UNINITIALIZED_AUTOS = YES_AGGRESSIVE;
				GCC_WARN_UNUSED_FUNCTION = YES;
				GCC_WARN_UNUSED_VARIABLE = YES;
				IPHONEOS_DEPLOYMENT_TARGET = 26.1;
				LOCALIZATION_PREFERS_STRING_CATALOGS = YES;
				MTL_ENABLE_DEBUG_INFO = NO;
				MTL_FAST_MATH = YES;
				SDKROOT = iphoneos;
				SWIFT_COMPILATION_MODE = wholemodule;
				VALIDATE_PRODUCT = YES;
			};
			name = Release;
		};
		06F5FCD92EE0F5D100EED464 /* Debug */ = {
			isa = XCBuildConfiguration;
			buildSettings = {
				ASSETCATALOG_COMPILER_APPICON_NAME = AppIcon;
				ASSETCATALOG_COMPILER_GLOBAL_ACCENT_COLOR_NAME = AccentColor;
				CODE_SIGN_STYLE = Automatic;
				CURRENT_PROJECT_VERSION = 1;
				DEVELOPMENT_TEAM = VA545X53G7;
				ENABLE_PREVIEWS = YES;
				GENERATE_INFOPLIST_FILE = YES;
				INFOPLIST_KEY_UIApplicationSceneManifest_Generation = YES;
				INFOPLIST_KEY_UIApplicationSupportsIndirectInputEvents = YES;
				INFOPLIST_KEY_UILaunchScreen_Generation = YES;
				INFOPLIST_KEY_UISupportedInterfaceOrientations_iPad = "UIInterfaceOrientationPortrait UIInterfaceOrientationPortraitUpsideDown UIInterfaceOrientationLandscapeLeft UIInterfaceOrientationLandscapeRight";
				INFOPLIST_KEY_UISupportedInterfaceOrientations_iPhone = "UIInterfaceOrientationPortrait UIInterfaceOrientationLandscapeLeft UIInterfaceOrientationLandscapeRight";
				LD_RUNPATH_SEARCH_PATHS = (
					"$(inherited)",
					"@executable_path/Frameworks",
				);
				MARKETING_VERSION = 1.0;
				PRODUCT_BUNDLE_IDENTIFIER = com.aceorana.CrewFlow;
				PRODUCT_NAME = "$(TARGET_NAME)";
				STRING_CATALOG_GENERATE_SYMBOLS = YES;
				SWIFT_APPROACHABLE_CONCURRENCY = YES;
				SWIFT_DEFAULT_ACTOR_ISOLATION = MainActor;
				SWIFT_EMIT_LOC_STRINGS = YES;
				SWIFT_UPCOMING_FEATURE_MEMBER_IMPORT_VISIBILITY = YES;
				SWIFT_VERSION = 5.0;
				TARGETED_DEVICE_FAMILY = "1,2";
			};
			name = Debug;
		};
		06F5FCDA2EE0F5D100EED464 /* Release */ = {
			isa = XCBuildConfiguration;
			buildSettings = {
				ASSETCATALOG_COMPILER_APPICON_NAME = AppIcon;
				ASSETCATALOG_COMPILER_GLOBAL_ACCENT_COLOR_NAME = AccentColor;
				CODE_SIGN_STYLE = Automatic;
				CURRENT_PROJECT_VERSION = 1;
				DEVELOPMENT_TEAM = VA545X53G7;
				ENABLE_PREVIEWS = YES;
				GENERATE_INFOPLIST_FILE = YES;
				INFOPLIST_KEY_UIApplicationSceneManifest_Generation = YES;
				INFOPLIST_KEY_UIApplicationSupportsIndirectInputEvents = YES;
				INFOPLIST_KEY_UILaunchScreen_Generation = YES;
				INFOPLIST_KEY_UISupportedInterfaceOrientations_iPad = "UIInterfaceOrientationPortrait UIInterfaceOrientationPortraitUpsideDown UIInterfaceOrientationLandscapeLeft UIInterfaceOrientationLandscapeRight";
				INFOPLIST_KEY_UISupportedInterfaceOrientations_iPhone = "UIInterfaceOrientationPortrait UIInterfaceOrientationLandscapeLeft UIInterfaceOrientationLandscapeRight";
				LD_RUNPATH_SEARCH_PATHS = (
					"$(inherited)",
					"@executable_path/Frameworks",
				);
				MARKETING_VERSION = 1.0;
				PRODUCT_BUNDLE_IDENTIFIER = com.aceorana.CrewFlow;
				PRODUCT_NAME = "$(TARGET_NAME)";
				STRING_CATALOG_GENERATE_SYMBOLS = YES;
				SWIFT_APPROACHABLE_CONCURRENCY = YES;
				SWIFT_DEFAULT_ACTOR_ISOLATION = MainActor;
				SWIFT_EMIT_LOC_STRINGS = YES;
				SWIFT_UPCOMING_FEATURE_MEMBER_IMPORT_VISIBILITY = YES;
				SWIFT_VERSION = 5.0;
				TARGETED_DEVICE_FAMILY = "1,2";
			};
			name = Release;
		};
		06F5FCDC2EE0F5D100EED464 /* Debug */ = {
			isa = XCBuildConfiguration;
			buildSettings = {
				BUNDLE_LOADER = "$(TEST_HOST)";
				CODE_SIGN_STYLE = Automatic;
				CURRENT_PROJECT_VERSION = 1;
				GENERATE_INFOPLIST_FILE = YES;
				IPHONEOS_DEPLOYMENT_TARGET = 26.1;
				MARKETING_VERSION = 1.0;
				PRODUCT_BUNDLE_IDENTIFIER = com.aceorana.CrewFlowTests;
				PRODUCT_NAME = "$(TARGET_NAME)";
				STRING_CATALOG_GENERATE_SYMBOLS = NO;
				SWIFT_APPROACHABLE_CONCURRENCY = YES;
				SWIFT_EMIT_LOC_STRINGS = NO;
				SWIFT_UPCOMING_FEATURE_MEMBER_IMPORT_VISIBILITY = YES;
				SWIFT_VERSION = 5.0;
				TARGETED_DEVICE_FAMILY = "1,2";
				TEST_HOST = "$(BUILT_PRODUCTS_DIR)/CrewFlow.app/$(BUNDLE_EXECUTABLE_FOLDER_PATH)/CrewFlow";
			};
			name = Debug;
		};
		06F5FCDD2EE0F5D100EED464 /* Release */ = {
			isa = XCBuildConfiguration;
			buildSettings = {
				BUNDLE_LOADER = "$(TEST_HOST)";
				CODE_SIGN_STYLE = Automatic;
				CURRENT_PROJECT_VERSION = 1;
				GENERATE_INFOPLIST_FILE = YES;
				IPHONEOS_DEPLOYMENT_TARGET = 26.1;
				MARKETING_VERSION = 1.0;
				PRODUCT_BUNDLE_IDENTIFIER = com.aceorana.CrewFlowTests;
				PRODUCT_NAME = "$(TARGET_NAME)";
				STRING_CATALOG_GENERATE_SYMBOLS = NO;
				SWIFT_APPROACHABLE_CONCURRENCY = YES;
				SWIFT_EMIT_LOC_STRINGS = NO;
				SWIFT_UPCOMING_FEATURE_MEMBER_IMPORT_VISIBILITY = YES;
				SWIFT_VERSION = 5.0;
				TARGETED_DEVICE_FAMILY = "1,2";
				TEST_HOST = "$(BUILT_PRODUCTS_DIR)/CrewFlow.app/$(BUNDLE_EXECUTABLE_FOLDER_PATH)/CrewFlow";
			};
			name = Release;
		};
		06F5FCDF2EE0F5D100EED464 /* Debug */ = {
			isa = XCBuildConfiguration;
			buildSettings = {
				CODE_SIGN_STYLE = Automatic;
				CURRENT_PROJECT_VERSION = 1;
				GENERATE_INFOPLIST_FILE = YES;
				MARKETING_VERSION = 1.0;
				PRODUCT_BUNDLE_IDENTIFIER = com.aceorana.CrewFlowUITests;
				PRODUCT_NAME = "$(TARGET_NAME)";
				STRING_CATALOG_GENERATE_SYMBOLS = NO;
				SWIFT_APPROACHABLE_CONCURRENCY = YES;
				SWIFT_EMIT_LOC_STRINGS = NO;
				SWIFT_UPCOMING_FEATURE_MEMBER_IMPORT_VISIBILITY = YES;
				SWIFT_VERSION = 5.0;
				TARGETED_DEVICE_FAMILY = "1,2";
				TEST_TARGET_NAME = CrewFlow;
			};
			name = Debug;
		};
		06F5FCE02EE0F5D100EED464 /* Release */ = {
			isa = XCBuildConfiguration;
			buildSettings = {
				CODE_SIGN_STYLE = Automatic;
				CURRENT_PROJECT_VERSION = 1;
				GENERATE_INFOPLIST_FILE = YES;
				MARKETING_VERSION = 1.0;
				PRODUCT_BUNDLE_IDENTIFIER = com.aceorana.CrewFlowUITests;
				PRODUCT_NAME = "$(TARGET_NAME)";
				STRING_CATALOG_GENERATE_SYMBOLS = NO;
				SWIFT_APPROACHABLE_CONCURRENCY = YES;
				SWIFT_EMIT_LOC_STRINGS = NO;
				SWIFT_UPCOMING_FEATURE_MEMBER_IMPORT_VISIBILITY = YES;
				SWIFT_VERSION = 5.0;
				TARGETED_DEVICE_FAMILY = "1,2";
				TEST_TARGET_NAME = CrewFlow;
			};
			name = Release;
		};
/* End XCBuildConfiguration section */

/* Begin XCConfigurationList section */
		06F5FCB22EE0F5D000EED464 /* Build configuration list for PBXProject "CrewFlow" */ = {
			isa = XCConfigurationList;
			buildConfigurations = (
				06F5FCD62EE0F5D100EED464 /* Debug */,
				06F5FCD72EE0F5D100EED464 /* Release */,
			);
			defaultConfigurationIsVisible = 0;
			defaultConfigurationName = Release;
		};
		06F5FCD82EE0F5D100EED464 /* Build configuration list for PBXNativeTarget "CrewFlow" */ = {
			isa = XCConfigurationList;
			buildConfigurations = (
				06F5FCD92EE0F5D100EED464 /* Debug */,
				06F5FCDA2EE0F5D100EED464 /* Release */,
			);
			defaultConfigurationIsVisible = 0;
			defaultConfigurationName = Release;
		};
		06F5FCDB2EE0F5D100EED464 /* Build configuration list for PBXNativeTarget "CrewFlowTests" */ = {
			isa = XCConfigurationList;
			buildConfigurations = (
				06F5FCDC2EE0F5D100EED464 /* Debug */,
				06F5FCDD2EE0F5D100EED464 /* Release */,
			);
			defaultConfigurationIsVisible = 0;
			defaultConfigurationName = Release;
		};
		06F5FCDE2EE0F5D100EED464 /* Build configuration list for PBXNativeTarget "CrewFlowUITests" */ = {
			isa = XCConfigurationList;
			buildConfigurations = (
				06F5FCDF2EE0F5D100EED464 /* Debug */,
				06F5FCE02EE0F5D100EED464 /* Release */,
			);
			defaultConfigurationIsVisible = 0;
			defaultConfigurationName = Release;
		};
/* End XCConfigurationList section */
	};
	rootObject = 06F5FCAF2EE0F5D000EED464 /* Project object */;
}
